GEM
  remote: https://rubygems.org/
  specs:
    airbrussh (1.6.2)
      sshkit (>= 1.6.1, != 1.7.0)
    ast (2.4.3)
    base64 (0.3.0)
    bcrypt_pbkdf (1.1.2)
    bundler-audit (0.9.3)
      bundler (>= 1.2.0)
      thor (~> 1.0)
    byebug (13.0.0)
      reline (>= 0.6.0)
    capistrano (3.20.1)
      airbrussh (>= 1.0.0)
      i18n
      rake (>= 10.0.0)
      sshkit (>= 1.9.0)
    capistrano-bundle_audit (0.4.0)
      bundler-audit (~> 0.5)
      capistrano (~> 3.0)
      capistrano-bundler (>= 1.4)
    capistrano-bundler (2.2.0)
      capistrano (~> 3.1)
    capistrano-maintenance (1.2.1)
      capistrano (>= 3.0)
    capistrano-one_time_key (0.2.0)
      capistrano (~> 3.0)
    capistrano-shared_configs (0.2.2)
    concurrent-ruby (1.3.8)
    diff-lcs (1.6.2)
    dlss-capistrano-docker (1.2.0)
      bcrypt_pbkdf
      capistrano (~> 3.0)
      capistrano-bundle_audit (>= 0.3.0)
      capistrano-one_time_key
      capistrano-shared_configs
      ed25519
    ed25519 (1.4.0)
    i18n (1.15.2)
      concurrent-ruby (~> 1.0)
    io-console (0.8.2)
    json (2.21.1)
    language_server-protocol (3.17.0.6)
    lint_roller (1.1.0)
    logger (1.7.0)
    net-scp (4.1.0)
      net-ssh (>= 2.6.5, < 8.0.0)
    net-sftp (4.0.0)
      net-ssh (>= 5.0.0, < 8.0.0)
    net-ssh (7.3.3)
    ostruct (0.6.3)
    parallel (2.1.0)
    parser (3.3.12.0)
      ast (~> 2.4.1)
      racc
    prism (1.9.0)
    racc (1.8.1)
    rainbow (3.1.1)
    rake (13.4.2)
    regexp_parser (2.12.0)
    reline (0.6.3)
      io-console (~> 0.5)
    rspec (3.13.2)
      rspec-core (~> 3.13.0)
      rspec-expectations (~> 3.13.0)
      rspec-mocks (~> 3.13.0)
    rspec-core (3.13.6)
      rspec-support (~> 3.13.0)
    rspec-expectations (3.13.5)
      diff-lcs (>= 1.2.0, < 2.0)
      rspec-support (~> 3.13.0)
    rspec-mocks (3.13.8)
      diff-lcs (>= 1.2.0, < 2.0)
      rspec-support (~> 3.13.0)
    rspec-support (3.13.7)
    rubocop (1.88.2)
      json (~> 2.3)
      language_server-protocol (~> 3.17.0.2)
      lint_roller (~> 1.1.0)
      parallel (>= 1.10)
      parser (>= 3.3.0.2)
      rainbow (>= 2.2.2, < 4.0)
      regexp_parser (>= 2.9.3, < 3.0)
      rubocop-ast (>= 1.49.0, < 2.0)
      ruby-progressbar (~> 1.7)
      unicode-display_width (>= 2.4.0, < 4.0)
    rubocop-ast (1.50.0)
      parser (>= 3.3.7.2)
      prism (~> 1.7)
    rubocop-rake (0.7.1)
      lint_roller (~> 1.1)
      rubocop (>= 1.72.1)
    rubocop-rspec (3.10.2)
      lint_roller (~> 1.1)
      regexp_parser (>= 2.0)
      rubocop (~> 1.86, >= 1.86.2)
    ruby-progressbar (1.13.0)
    sshkit (1.25.1)
      base64
      logger
      net-scp (>= 1.1.2)
      net-sftp (>= 2.1.2)
      net-ssh (>= 2.8.0)
      ostruct
    thor (1.5.0)
    unicode-display_width (3.2.0)
      unicode-emoji (~> 4.1)
    unicode-emoji (4.2.0)

PLATFORMS
  arm64-darwin-25
  ruby

DEPENDENCIES
  byebug
  capistrano
  capistrano-maintenance (~> 1.2)
  dlss-capistrano-docker
  rake
  rspec
  rubocop
  rubocop-rake
  rubocop-rspec
  ruby-progressbar

CHECKSUMS
  airbrussh (1.6.2) sha256=3278655b2d957d774589a17e01496149288cbd8f1158b377581d82db006401cc
  ast (2.4.3) sha256=954615157c1d6a382bc27d690d973195e79db7f55e9765ac7c481c60bdb4d383
  base64 (0.3.0) sha256=27337aeabad6ffae05c265c450490628ef3ebd4b67be58257393227588f5a97b
  bcrypt_pbkdf (1.1.2) sha256=c2414c23ce66869b3eb9f643d6a3374d8322dfb5078125c82792304c10b94cf6
  bundler (4.0.17) sha256=214e21431b5665dd2f99df8a5511c6b151d7a72e8015c8b38f8b775b61cbb6c1
  bundler-audit (0.9.3) sha256=81c8766c71e47d0d28a0f98c7eed028539f21a6ea3cd8f685eb6f42333c9b4e9
  byebug (13.0.0) sha256=d2263efe751941ca520fa29744b71972d39cbc41839496706f5d9b22e92ae05d
  capistrano (3.20.1) sha256=b0d54ba5cf49bb194998bf6b427e889aa36ed05f545ecf7cc37acb9d529e9ae9
  capistrano-bundle_audit (0.4.0) sha256=104dff26b972bd5c13f52692dd6bbd065663bbf26ff07c76764d77ba95536051
  capistrano-bundler (2.2.0) sha256=47b4cf2ea17ea132bb0a5cabc5663443f5190a54f4da5b322d04e1558ff1468c
  capistrano-maintenance (1.2.1) sha256=7cc8a2d06900482175de4cded8d52a7d723d16a9c542e87f26a91648f317885a
  capistrano-one_time_key (0.2.0) sha256=88630a99de2113befd9885242cc8b3bc58536f4e06507363cc3ee064080a0375
  capistrano-shared_configs (0.2.2) sha256=905d1c51f0be6efd8ddb262aea7fae32c62d947297ff6b83f5cbccac3b138b36
  concurrent-ruby (1.3.8) sha256=b2f1be836e968ccc78ccfce277ea79c72a88633f22306782c16ff23fb415d1e1
  diff-lcs (1.6.2) sha256=9ae0d2cba7d4df3075fe8cd8602a8604993efc0dfa934cff568969efb1909962
  dlss-capistrano-docker (1.2.0) sha256=dec064fc3b68aca1b9fa5372f455063a0316a38cadfb2cadfbc3936b33ee9eff
  ed25519 (1.4.0) sha256=16e97f5198689a154247169f3453ef4cfd3f7a47481fde0ae33206cdfdcac506
  i18n (1.15.2) sha256=00f9eb62412fe593b2a65a97daa75300d37abb8f7202ec748e94b6d46a9dd1b5
  io-console (0.8.2) sha256=d6e3ae7a7cc7574f4b8893b4fca2162e57a825b223a177b7afa236c5ef9814cc
  json (2.21.1) sha256=13a43df75d95641443f5702dff350f237164a9d811ff0f2c2800d4d980220583
  language_server-protocol (3.17.0.6) sha256=5ef2c0c138f8267e1bc631d3328347d354f96724b0af22f2c79516120443b7f0
  lint_roller (1.1.0) sha256=2c0c845b632a7d172cb849cc90c1bce937a28c5c8ccccb50dfd46a485003cc87
  logger (1.7.0) sha256=196edec7cc44b66cfb40f9755ce11b392f21f7967696af15d274dde7edff0203
  net-scp (4.1.0) sha256=a99b0b92a1e5d360b0de4ffbf2dc0c91531502d3d4f56c28b0139a7c093d1a5d
  net-sftp (4.0.0) sha256=65bb91c859c2f93b09826757af11b69af931a3a9155050f50d1b06d384526364
  net-ssh (7.3.3) sha256=831def58b2c51dcef66ec00d29397d4f210de89c19fe78f95873ca30f386e86a
  ostruct (0.6.3) sha256=95a2ed4a4bd1d190784e666b47b2d3f078e4a9efda2fccf18f84ddc6538ed912
  parallel (2.1.0) sha256=b35258865c2e31134c5ecb708beaaf6772adf9d5efae28e93e99260877b09356
  parser (3.3.12.0) sha256=21a6d7f755d5a24dfbdc6e6b772e4e879a52e7631a88bc5a3a134606052c9828
  prism (1.9.0) sha256=7b530c6a9f92c24300014919c9dcbc055bf4cdf51ec30aed099b06cd6674ef85
  racc (1.8.1) sha256=4a7f6929691dbec8b5209a0b373bc2614882b55fc5d2e447a21aaa691303d62f
  rainbow (3.1.1) sha256=039491aa3a89f42efa1d6dec2fc4e62ede96eb6acd95e52f1ad581182b79bc6a
  rake (13.4.2) sha256=cb825b2bd5f1f8e91ca37bddb4b9aaf345551b4731da62949be002fa89283701
  regexp_parser (2.12.0) sha256=35a916a1d63190ab5c9009457136ae5f3c0c7512d60291d0d1378ba18ce08ebb
  reline (0.6.3) sha256=1198b04973565b36ec0f11542ab3f5cfeeec34823f4e54cebde90968092b1835
  rspec (3.13.2) sha256=206284a08ad798e61f86d7ca3e376718d52c0bc944626b2349266f239f820587
  rspec-core (3.13.6) sha256=a8823c6411667b60a8bca135364351dda34cd55e44ff94c4be4633b37d828b2d
  rspec-expectations (3.13.5) sha256=33a4d3a1d95060aea4c94e9f237030a8f9eae5615e9bd85718fe3a09e4b58836
  rspec-mocks (3.13.8) sha256=086ad3d3d17533f4237643de0b5c42f04b66348c28bf6b9c2d3f4a3b01af1d47
  rspec-support (3.13.7) sha256=0640e5570872aafefd79867901deeeeb40b0c9875a36b983d85f54fb7381c47c
  rubocop (1.88.2) sha256=8def251c90cd955feb4daa3edc0ab56893250c4ce90ef81e6c80c03f9a939bbf
  rubocop-ast (1.50.0) sha256=b9ca88300da0803ee222ad20cdb30494c0a784eed06fdc35d254b06d662788db
  rubocop-rake (0.7.1) sha256=3797f2b6810c3e9df7376c26d5f44f3475eda59eb1adc38e6f62ecf027cbae4d
  rubocop-rspec (3.10.2) sha256=0b3e2ecc592cd10ecbf0095bb58d1e357905276e069643523cc19eb7495f65e2
  ruby-progressbar (1.13.0) sha256=80fc9c47a9b640d6834e0dc7b3c94c9df37f08cb072b7761e4a71e22cff29b33
  sshkit (1.25.1) sha256=be3f10b9d6eb0b44d5eaba3f7cbe41bc6bb894bce4339688ac20124391455b78
  thor (1.5.0) sha256=e3a9e55fe857e44859ce104a84675ab6e8cd59c650a49106a05f55f136425e73
  unicode-display_width (3.2.0) sha256=0cdd96b5681a5949cdbc2c55e7b420facae74c4aaf9a9815eee1087cb1853c42
  unicode-emoji (4.2.0) sha256=519e69150f75652e40bf736106cfbc8f0f73aa3fb6a65afe62fefa7f80b0f80f

BUNDLED WITH
  4.0.17
